
Microsoft Visual Studio Solution File, Format Version 12.00
# Visual Studio Version 17
VisualStudioVersion = 17.5.33530.505
MinimumVisualStudioVersion = 10.0.40219.1
Project("{FAE04EC0-301F-11D3-BF4B-00C04F79EFBC}") = "AppBoostrap1", "AppBoostrap1\AppBoostrap1.csproj", "{0387F766-EA1F-4F3E-B6D8-121BD029E71E}"
EndProject
Global
	GlobalSection(SolutionConfigurationPlatforms) = preSolution
		Debug|Any CPU = Debug|Any CPU
		Release|Any CPU = Release|Any CPU
	EndGlobalSection
	GlobalSection(ProjectConfigurationPlatforms) = postSolution
		{0387F766-EA1F-4F3E-B6D8-121BD029E71E}.Debug|Any CPU.ActiveCfg = Debug|Any CPU
		{0387F766-EA1F-4F3E-B6D8-121BD029E71E}.Debug|Any CPU.Build.0 = Debug|Any CPU
		{0387F766-EA1F-4F3E-B6D8-121BD029E71E}.Release|Any CPU.ActiveCfg = Release|Any CPU
		{0387F766-EA1F-4F3E-B6D8-121BD029E71E}.Release|Any CPU.Build.0 = Release|Any CPU
	EndGlobalSection
	GlobalSection(SolutionProperties) = preSolution
		HideSolutionNode = FALSE
	EndGlobalSection
	GlobalSection(ExtensibilityGlobals) = postSolution
		SolutionGuid = {42390801-34BF-4654-A868-E5BBA4BE5EBF}
	EndGlobalSection
EndGlobal
